<?xml version="1.0" encoding="utf-8"?>
<Project ToolsVersion="4.0" xmlns="http://schemas.microsoft.com/developer/msbuild/2003">
  <ItemGroup>
    <Filter Include="Source Files">
      <UniqueIdentifier>{4FC737F1-C7A5-4376-A066-2A32D752A2FF}</UniqueIdentifier>
      <Extensions>cpp;c;cc;cxx;c++;cppm;ixx;def;odl;idl;hpj;bat;asm;asmx</Extensions>
    </Filter>
    <Filter Include="Header Files">
      <UniqueIdentifier>{93995380-89BD-4b04-88EB-625FBE52EBFB}</UniqueIdentifier>
      <Extensions>h;hh;hpp;hxx;h++;hm;inl;inc;ipp;xsd</Extensions>
    </Filter>
    <Filter Include="Resource Files">
      <UniqueIdentifier>{67DA6AB6-F800-4c08-8B7A-83BB121AAD01}</UniqueIdentifier>
      <Extensions>rc;ico;cur;bmp;dlg;rc2;rct;bin;rgs;gif;jpg;jpeg;jpe;resx;tiff;tif;png;wav;mfcribbon-ms</Extensions>
    </Filter>
  </ItemGroup>
  <ItemGroup>
    <ClInclude Include="src\game\state.h">
      <Filter>Header Files</Filter>
    </ClInclude>
    <ClInclude Include="src\graphics\atlas.h">
      <Filter>Header Files</Filter>
    </ClInclude>
    <ClInclude Include="src\input\keyboard.h">
      <Filter>Header Files</Filter>
    </ClInclude>
    <ClInclude Include="src\io\filesystem.h">
      <Filter>Header Files</Filter>
    </ClInclude>
    <ClInclude Include="src\memory\pointers.h">
      <Filter>Header Files</Filter>
    </ClInclude>
    <ClInclude Include="src\utility\timer.h">
      <Filter>Header Files</Filter>
    </ClInclude>
    <ClInclude Include="src\utility\vec.h">
      <Filter>Header Files</Filter>
    </ClInclude>
    <ClInclude Include="src\game\game.h">
      <Filter>Header Files</Filter>
    </ClInclude>
    <ClInclude Include="src\sound\soundmanager.h">
      <Filter>Header Files</Filter>
    </ClInclude>
    <ClInclude Include="src\utility\interpolate.h">
      <Filter>Header Files</Filter>
    </ClInclude>
    <ClInclude Include="src\utility\defines.h">
      <Filter>Header Files</Filter>
    </ClInclude>
    <ClInclude Include="src\utility\random.h">
      <Filter>Header Files</Filter>
    </ClInclude>
    <ClInclude Include="external\stb_vorbis.h">
      <Filter>Header Files</Filter>
    </ClInclude>
    <ClInclude Include="src\render\camera3d.h">
      <Filter>Header Files</Filter>
    </ClInclude>
    <ClInclude Include="src\utility\mat.h">
      <Filter>Header Files</Filter>
    </ClInclude>
    <ClInclude Include="src\model\cubemesh.h">
      <Filter>Header Files</Filter>
    </ClInclude>
    <ClInclude Include="src\utility\col.h">
      <Filter>Header Files</Filter>
    </ClInclude>
    <ClInclude Include="src\input\mouse.h">
      <Filter>Header Files</Filter>
    </ClInclude>
    <ClInclude Include="src\utility\stringtools.h">
      <Filter>Header Files</Filter>
    </ClInclude>
    <ClInclude Include="external\sol.hpp">
      <Filter>Header Files</Filter>
    </ClInclude>
    <ClInclude Include="src\render\frustum.h">
      <Filter>Header Files</Filter>
    </ClInclude>
    <ClInclude Include="src\physics\aabb.h">
      <Filter>Header Files</Filter>
    </ClInclude>
    <ClInclude Include="src\render\window.h">
      <Filter>Header Files</Filter>
    </ClInclude>
    <ClInclude Include="src\graphics\image.h">
      <Filter>Header Files</Filter>
    </ClInclude>
    <ClInclude Include="src\graphics\texture.h">
      <Filter>Header Files</Filter>
    </ClInclude>
    <ClInclude Include="src\graphics\shader.h">
      <Filter>Header Files</Filter>
    </ClInclude>
    <ClInclude Include="src\utility\matrixstack.h">
      <Filter>Header Files</Filter>
    </ClInclude>
    <ClInclude Include="src\graphics\bufferbuilder.h">
      <Filter>Header Files</Filter>
    </ClInclude>
    <ClInclude Include="src\utility\mathtools.h">
      <Filter>Header Files</Filter>
    </ClInclude>
    <ClInclude Include="external\imgui\backends\imgui_impl_glfw.h">
      <Filter>Header Files</Filter>
    </ClInclude>
    <ClInclude Include="external\imgui\imgui.h">
      <Filter>Header Files</Filter>
    </ClInclude>
    <ClInclude Include="external\imgui\imconfig.h">
      <Filter>Header Files</Filter>
    </ClInclude>
    <ClInclude Include="external\imgui\imgui_internal.h">
      <Filter>Header Files</Filter>
    </ClInclude>
    <ClInclude Include="external\imgui\imstb_rectpack.h">
      <Filter>Header Files</Filter>
    </ClInclude>
    <ClInclude Include="external\imgui\imstb_textedit.h">
      <Filter>Header Files</Filter>
    </ClInclude>
    <ClInclude Include="external\imgui\imstb_truetype.h">
      <Filter>Header Files</Filter>
    </ClInclude>
    <ClInclude Include="external\imgui\backends\imgui_impl_opengl3.h">
      <Filter>Header Files</Filter>
    </ClInclude>
    <ClInclude Include="src\model\mesh.h">
      <Filter>Header Files</Filter>
    </ClInclude>
  </ItemGroup>
  <ItemGroup>
    <ClCompile Include="src\graphics\atlas.cpp">
      <Filter>Source Files</Filter>
    </ClCompile>
    <ClCompile Include="src\utility\timer.cpp">
      <Filter>Source Files</Filter>
    </ClCompile>
    <ClCompile Include="src\game\game.cpp">
      <Filter>Source Files</Filter>
    </ClCompile>
    <ClCompile Include="src\sound\soundmanager.cpp">
      <Filter>Source Files</Filter>
    </ClCompile>
    <ClCompile Include="src\utility\random.cpp">
      <Filter>Source Files</Filter>
    </ClCompile>
    <ClCompile Include="external\stb_vorbis.c">
      <Filter>Source Files</Filter>
    </ClCompile>
    <ClCompile Include="src\render\camera3d.cpp">
      <Filter>Source Files</Filter>
    </ClCompile>
    <ClCompile Include="src\game\state.cpp">
      <Filter>Source Files</Filter>
    </ClCompile>
    <ClCompile Include="src\render\frustum.cpp">
      <Filter>Source Files</Filter>
    </ClCompile>
    <ClCompile Include="src\graphics\image.cpp">
      <Filter>Source Files</Filter>
    </ClCompile>
    <ClCompile Include="src\render\window.cpp">
      <Filter>Source Files</Filter>
    </ClCompile>
    <ClCompile Include="src\graphics\texture.cpp">
      <Filter>Source Files</Filter>
    </ClCompile>
    <ClCompile Include="src\graphics\shader.cpp">
      <Filter>Source Files</Filter>
    </ClCompile>
    <ClCompile Include="src\utility\matrixstack.cpp">
      <Filter>Source Files</Filter>
    </ClCompile>
    <ClCompile Include="external\glad\src\glad.c">
      <Filter>Source Files</Filter>
    </ClCompile>
    <ClCompile Include="src\model\cubemesh.cpp">
      <Filter>Source Files</Filter>
    </ClCompile>
    <ClCompile Include="src\graphics\bufferbuilder.cpp">
      <Filter>Source Files</Filter>
    </ClCompile>
    <ClCompile Include="external\imgui\backends\imgui_impl_glfw.cpp">
      <Filter>Source Files</Filter>
    </ClCompile>
    <ClCompile Include="external\imgui\imgui.cpp">
      <Filter>Source Files</Filter>
    </ClCompile>
    <ClCompile Include="external\imgui\imgui_demo.cpp">
      <Filter>Source Files</Filter>
    </ClCompile>
    <ClCompile Include="external\imgui\imgui_draw.cpp">
      <Filter>Source Files</Filter>
    </ClCompile>
    <ClCompile Include="external\imgui\imgui_tables.cpp">
      <Filter>Source Files</Filter>
    </ClCompile>
    <ClCompile Include="external\imgui\imgui_widgets.cpp">
      <Filter>Source Files</Filter>
    </ClCompile>
    <ClCompile Include="external\imgui\backends\imgui_impl_opengl3.cpp">
      <Filter>Source Files</Filter>
    </ClCompile>
    <ClCompile Include="src\model\mesh.cpp">
      <Filter>Source Files</Filter>
    </ClCompile>
  </ItemGroup>
</Project>